# HOOKS.lock — sha256 hashes of locked hook/validator files
#
# Locked roots: scripts/hooks scripts/validate
# Excluded:     scripts/hooks/lib/tools.lock
#
# Regenerated: 2026-08-31T19:31:06Z
# By:          scripts/validate/update_hooks_lock.sh
#
# A drifted lock means a hook or validator changed since last review.
# Run 'scripts/validate/validate_hooks_lock.sh --diff' to inspect drift.
# Re-run this script to acknowledge the changes after review.

4acea001c95fbcc982f81053b83e6d794acc26e9830e115ea34f48bc96573af1  scripts/hooks/README.md
ec62ce04413455380c6998dc95bd8f01d174c9d16f1b1e6459e3436138c6d196  scripts/hooks/agents_reference_guard.sh
e8b6ac37896c60ecdd946c12435d361d8aac3c0ba30caddd39727cd6949fe490  scripts/hooks/agents_schema_guard.sh
31e4066dfb06dd1a08e31330deb1337434cce1d3870f64765e356304ad4eecee  scripts/hooks/check_clone_destination.sh
72e9c88a37fbd38b1fe58f8c5e423c22cdd3cb6001723abbe72f6965a45d54e4  scripts/hooks/check_filesystem_path.sh
fe8ff106642ec18bbe63368d9e86d7cf75842074e62cb365e8f2552ae947dc93  scripts/hooks/check_secrets_read.sh
cba520e5702bc498ce55551318a4a6efdd8a86a470cc962097fb735e52d75882  scripts/hooks/check_test_safety.sh
920b10c6f8abfafb2d2d035d82751288fcd97cf98ec580cb4834ae1b0a537ebc  scripts/hooks/correction-detection.sh
eb2402d48c30f8fcc3e0b4beeaf1cc0c4ed76bacc1c85f913b7e7e3d3bcf6a16  scripts/hooks/knowledge-metabolism-check.sh
b89a7c41c5e0e71ac3d7636552b09d5b20effc8a1746fce63d4dd1e571acec8d  scripts/hooks/lib/hook-utils.sh
c777cc7f200f803b3426efd0d7f5c8fd4c9071b7b54c12fd6d2b276ba0fef396  scripts/hooks/lib/identity.sh
99ba76721471b864168439849a552f1b19a10a036820dc9d6d4aa72fa08d4871  scripts/hooks/lib/log-repo.sh
f65b7ec57686cecedf42178975e2d247a7aa32f236828fb5b9fbb7d233789b97  scripts/hooks/lib/path-forms.sh
b86df61cd55cffbf8325431aa7dbdb854217fc64ff2c3187267681412e6fb386  scripts/hooks/lib/secret-patterns.txt
0cb9266de4e66dfcf9eeca1d2a9fc37ce736cbe474f83961a81f2f73526890e9  scripts/hooks/lib/session-counters.sh
17a5e21fc99ffbe5d451cc0f9e719dc4e7a6b833b5aaf7cd3d72ee6ea2127897  scripts/hooks/lib/tools-init.sh
8b43a6229ec7c7e0aaabf3c3d5af3142e5336088316908e7cae7267e0e58ff6f  scripts/hooks/lib/tools.lock.example
6dc21d3990693c6acc888904cb04baa4fb215a1bba1a521a1298dc888acfeec7  scripts/hooks/post-edit-check.sh
798d059e276495d8b3e8d65b432f83472888dd30d155f300d1d5a00b78381536  scripts/hooks/post-tool-use-audit.sh
79b1b5282b861d038c0c2c9483c0dde0de4dc412d5bb146212d440a2b6a9baf2  scripts/hooks/pre-edit-guard.sh
708376e1f25831574bc98fd227cc4b2c1573b4058334a40df2f26a1699ed92f0  scripts/hooks/session-end.sh
30faf5c64aa5a288ab19e515273b5b3e20750a0061d556142cf495ed24b6364f  scripts/hooks/session-start.sh
7b32cb4e819703061cdf11286c576183273ed2df09db0953c7bc21df86f6a945  scripts/hooks/skill_usage_log.sh
5eddfc5b264b659736bbe81e5be064c85ec9be7a0446c2636b3d284cb21749f6  scripts/hooks/subagent-start.sh
4196250b463fc7f48fd7a53f2733c127a3000994dcf41abfa267c8fc91f53aae  scripts/hooks/tests/test_clone_destination.sh
7782ce0905f9284e91d4e286ab59549ca49b74af7d0d41b661ed154bf33e657b  scripts/hooks/tests/test_maintainer_resolution.sh
1fac064d3eb0cf107cc713566f32951542eb24e4a9dd6eb768f3cc94b975c015  scripts/hooks/tests/test_root_write_isolation.sh
1837b9050055e6a5fbd8f68e30a7e33a19b790ba7ff101539697a8a3e1f6ca7a  scripts/hooks/tests/test_session_end_logging.sh
a42a9e0257030f5dcf2a01bbe3a159b1556bd8cc2c2dcd35f98c15d6cdc3a45c  scripts/hooks/wiki-recall.sh
735742a41c3759d135fcad574ba95386ed4b73503f1afc939b8beb55c72f23c4  scripts/validate/test_spawn.sh
f06ca96f281369ca7b8500693ad4fc02d303eb4d9cf31ec972689293e11e18fe  scripts/validate/update_hooks_lock.sh
cfdce7e9b5828e36a28556f4d7878536cafa5d8cc8bb25a63fa86558674c86e3  scripts/validate/validate_agents_references.py
0e9309689b3b260d86dc1a51417454ce6ebddd04cc961a8a83fe385d661ba12e  scripts/validate/validate_agents_structure.py
fa04748d2b56cd5afacc9d9d6de0b16b617006f94a08b27a2435ae679c38f03e  scripts/validate/validate_claude_md_consistency.py
40fb2a6cd39931a363ac76497848b1c59cb200e354f411257405f21c7ff76960  scripts/validate/validate_document_drift.py
a559be35977eca00c45074e58d341ecf4757ff419b8ec26b2e95206b4ddb550e  scripts/validate/validate_hook_syntax.sh
aea7eea958f293874aff0523dd59d093f94c3b588f4f54f30d27ccb9bc53588b  scripts/validate/validate_hooks_lock.sh
31074a740308ac7572cc27df331c536c58e4bcdbd1ca9bb40b8b4cc2ca97e850  scripts/validate/validate_skills.py
